
Microsoft Visual Studio Solution File, Format Version 12.00
# Visual Studio Version 17
VisualStudioVersion = 17.9.34728.123
MinimumVisualStudioVersion = 10.0.40219.1
Project("{FAE04EC0-301F-11D3-BF4B-00C04F79EFBC}") = "TheHighInnovation.POS.WEB", "TheHighInnovation.POS.WEB.csproj", "{0F31CB7B-22A6-4E35-A37B-C86B3A6C26C1}"
EndProject
Global
	GlobalSection(SolutionConfigurationPlatforms) = preSolution
		Debug|Any CPU = Debug|Any CPU
		Release|Any CPU = Release|Any CPU
	EndGlobalSection
	GlobalSection(ProjectConfigurationPlatforms) = postSolution
		{0F31CB7B-22A6-4E35-A37B-C86B3A6C26C1}.Debug|Any CPU.ActiveCfg = Debug|Any CPU
		{0F31CB7B-22A6-4E35-A37B-C86B3A6C26C1}.Debug|Any CPU.Build.0 = Debug|Any CPU
		{0F31CB7B-22A6-4E35-A37B-C86B3A6C26C1}.Release|Any CPU.ActiveCfg = Release|Any CPU
		{0F31CB7B-22A6-4E35-A37B-C86B3A6C26C1}.Release|Any CPU.Build.0 = Release|Any CPU
	EndGlobalSection
	GlobalSection(SolutionProperties) = preSolution
		HideSolutionNode = FALSE
	EndGlobalSection
	GlobalSection(ExtensibilityGlobals) = postSolution
		SolutionGuid = {74C67736-AAA4-4533-8220-20894207B4E3}
	EndGlobalSection
EndGlobal
